
Microsoft Visual Studio Solution File, Format Version 12.00
Project("{FAE04EC0-301F-11D3-BF4B-00C04F79EFBC}") = "Apricot", "Apricot\Apricot.csproj", "{B3CE390F-8B9D-46E4-A4AF-77BB1DF017AD}"
EndProject
Project("{FAE04EC0-301F-11D3-BF4B-00C04F79EFBC}") = "Apricot.Sample", "Apricot.Sample\Apricot.Sample.csproj", "{E5254DB1-9EF4-4D1B-ACEB-A58CC47D3B69}"
EndProject
Project("{FAE04EC0-301F-11D3-BF4B-00C04F79EFBC}") = "Apricot.Sdl", "Apricot.Sdl\Apricot.Sdl.csproj", "{0D93DFFB-445C-4C65-B829-9D88F2C70BC0}"
EndProject
Project("{FAE04EC0-301F-11D3-BF4B-00C04F79EFBC}") = "Apricot.WebSample", "Apricot.WebSample\Apricot.WebSample.csproj", "{D363F1C9-41BA-4F60-9088-C62CE826CC75}"
EndProject
Project("{2150E333-8FDC-42A3-9474-1A3956D46DE8}") = "Deps", "Deps", "{DA702639-AB52-4FF2-A4FE-382E53C4D758}"
	ProjectSection(SolutionItems) = preProject
		..\Deps\osx\libSDL3.0.dylib = ..\Deps\osx\libSDL3.0.dylib
		..\Deps\osx\libSDL3.dylib = ..\Deps\osx\libSDL3.dylib
		..\Deps\wasm\SDL3.a = ..\Deps\wasm\SDL3.a
		..\Deps\win-x64\SDL3.dll = ..\Deps\win-x64\SDL3.dll
		..\Deps\linux-x64\libSDL3.so.0 = ..\Deps\linux-x64\libSDL3.so.0
		..\Deps\linux-x64\libSDL3.so = ..\Deps\linux-x64\libSDL3.so
		..\Deps\linux-x64\libSDL3.so.0.2.14 = ..\Deps\linux-x64\libSDL3.so.0.2.14
	EndProjectSection
EndProject
Project("{FAE04EC0-301F-11D3-BF4B-00C04F79EFBC}") = "Apricot.Essentials", "Apricot.Essentials\Apricot.Essentials.csproj", "{07385487-CEB6-4A38-A28B-A9D0A22F7B05}"
EndProject
Project("{2150E333-8FDC-42A3-9474-1A3956D46DE8}") = "Paperwork", "Paperwork", "{E9C5E293-D9FA-4F11-A61D-33EA716E91FD}"
	ProjectSection(SolutionItems) = preProject
		..\README.md = ..\README.md
		..\LICENSE = ..\LICENSE
	EndProjectSection
EndProject
Project("{FAE04EC0-301F-11D3-BF4B-00C04F79EFBC}") = "Apricot.Jobs", "Apricot.Jobs\Apricot.Jobs.csproj", "{E72676A5-79E0-418D-AAEA-52F308ABCB8F}"
EndProject
Project("{2150E333-8FDC-42A3-9474-1A3956D46DE8}") = "Engine", "Engine", "{F8114AD1-BF44-4273-86EF-83DC1F8D53E8}"
EndProject
Project("{FAE04EC0-301F-11D3-BF4B-00C04F79EFBC}") = "Apricot.Jobs.Tests", "Apricot.Jobs.Tests\Apricot.Jobs.Tests.csproj", "{8F95FEFB-4CDC-4B32-AFE0-3769C09B2D75}"
EndProject
Project("{2150E333-8FDC-42A3-9474-1A3956D46DE8}") = "Implementations", "Implementations", "{2BC76644-7BCD-4440-9DCF-EB9725652B96}"
EndProject
Project("{FAE04EC0-301F-11D3-BF4B-00C04F79EFBC}") = "Apricot.OpenGl", "Apricot.OpenGl\Apricot.OpenGl.csproj", "{A8231653-47A1-41F2-BDDF-ED138A2732EE}"
EndProject
Project("{FAE04EC0-301F-11D3-BF4B-00C04F79EFBC}") = "Apricot.Sdl.GlBinding", "Apricot.Sdl.GlBinding\Apricot.Sdl.GlBinding.csproj", "{8D072AF2-1866-40E4-9221-64F41201971F}"
EndProject
Project("{FAE04EC0-301F-11D3-BF4B-00C04F79EFBC}") = "Apricot.Utils", "Apricot.Utils\Apricot.Utils.csproj", "{C60D0FFA-811B-42F9-AE47-537656CC0F0D}"
EndProject
Project("{2150E333-8FDC-42A3-9474-1A3956D46DE8}") = "Utils", "Utils", "{AF257622-2A12-4E40-B8CC-DA5FF5C26F38}"
EndProject
Project("{FAE04EC0-301F-11D3-BF4B-00C04F79EFBC}") = "Apricot.Utils.SourceGenerators", "Apricot.Utils.SourceGenerators\Apricot.Utils.SourceGenerators.csproj", "{F7A9FE6E-4FDB-465B-ADE8-BDCAE8010ED8}"
EndProject
Global
	GlobalSection(SolutionConfigurationPlatforms) = preSolution
		Debug|Any CPU = Debug|Any CPU
		Release|Any CPU = Release|Any CPU
	EndGlobalSection
	GlobalSection(ProjectConfigurationPlatforms) = postSolution
		{B3CE390F-8B9D-46E4-A4AF-77BB1DF017AD}.Debug|Any CPU.ActiveCfg = Debug|Any CPU
		{B3CE390F-8B9D-46E4-A4AF-77BB1DF017AD}.Debug|Any CPU.Build.0 = Debug|Any CPU
		{B3CE390F-8B9D-46E4-A4AF-77BB1DF017AD}.Release|Any CPU.ActiveCfg = Release|Any CPU
		{B3CE390F-8B9D-46E4-A4AF-77BB1DF017AD}.Release|Any CPU.Build.0 = Release|Any CPU
		{E5254DB1-9EF4-4D1B-ACEB-A58CC47D3B69}.Debug|Any CPU.ActiveCfg = Debug|Any CPU
		{E5254DB1-9EF4-4D1B-ACEB-A58CC47D3B69}.Debug|Any CPU.Build.0 = Debug|Any CPU
		{E5254DB1-9EF4-4D1B-ACEB-A58CC47D3B69}.Release|Any CPU.ActiveCfg = Release|Any CPU
		{E5254DB1-9EF4-4D1B-ACEB-A58CC47D3B69}.Release|Any CPU.Build.0 = Release|Any CPU
		{0D93DFFB-445C-4C65-B829-9D88F2C70BC0}.Debug|Any CPU.ActiveCfg = Debug|Any CPU
		{0D93DFFB-445C-4C65-B829-9D88F2C70BC0}.Debug|Any CPU.Build.0 = Debug|Any CPU
		{0D93DFFB-445C-4C65-B829-9D88F2C70BC0}.Release|Any CPU.ActiveCfg = Release|Any CPU
		{0D93DFFB-445C-4C65-B829-9D88F2C70BC0}.Release|Any CPU.Build.0 = Release|Any CPU
		{D363F1C9-41BA-4F60-9088-C62CE826CC75}.Debug|Any CPU.ActiveCfg = Debug|Any CPU
		{D363F1C9-41BA-4F60-9088-C62CE826CC75}.Debug|Any CPU.Build.0 = Debug|Any CPU
		{D363F1C9-41BA-4F60-9088-C62CE826CC75}.Release|Any CPU.ActiveCfg = Release|Any CPU
		{D363F1C9-41BA-4F60-9088-C62CE826CC75}.Release|Any CPU.Build.0 = Release|Any CPU
		{07385487-CEB6-4A38-A28B-A9D0A22F7B05}.Debug|Any CPU.ActiveCfg = Debug|Any CPU
		{07385487-CEB6-4A38-A28B-A9D0A22F7B05}.Debug|Any CPU.Build.0 = Debug|Any CPU
		{07385487-CEB6-4A38-A28B-A9D0A22F7B05}.Release|Any CPU.ActiveCfg = Release|Any CPU
		{07385487-CEB6-4A38-A28B-A9D0A22F7B05}.Release|Any CPU.Build.0 = Release|Any CPU
		{E72676A5-79E0-418D-AAEA-52F308ABCB8F}.Debug|Any CPU.ActiveCfg = Debug|Any CPU
		{E72676A5-79E0-418D-AAEA-52F308ABCB8F}.Debug|Any CPU.Build.0 = Debug|Any CPU
		{E72676A5-79E0-418D-AAEA-52F308ABCB8F}.Release|Any CPU.ActiveCfg = Release|Any CPU
		{E72676A5-79E0-418D-AAEA-52F308ABCB8F}.Release|Any CPU.Build.0 = Release|Any CPU
		{8F95FEFB-4CDC-4B32-AFE0-3769C09B2D75}.Debug|Any CPU.ActiveCfg = Debug|Any CPU
		{8F95FEFB-4CDC-4B32-AFE0-3769C09B2D75}.Debug|Any CPU.Build.0 = Debug|Any CPU
		{8F95FEFB-4CDC-4B32-AFE0-3769C09B2D75}.Release|Any CPU.ActiveCfg = Release|Any CPU
		{8F95FEFB-4CDC-4B32-AFE0-3769C09B2D75}.Release|Any CPU.Build.0 = Release|Any CPU
		{A8231653-47A1-41F2-BDDF-ED138A2732EE}.Debug|Any CPU.ActiveCfg = Debug|Any CPU
		{A8231653-47A1-41F2-BDDF-ED138A2732EE}.Debug|Any CPU.Build.0 = Debug|Any CPU
		{A8231653-47A1-41F2-BDDF-ED138A2732EE}.Release|Any CPU.ActiveCfg = Release|Any CPU
		{A8231653-47A1-41F2-BDDF-ED138A2732EE}.Release|Any CPU.Build.0 = Release|Any CPU
		{8D072AF2-1866-40E4-9221-64F41201971F}.Debug|Any CPU.ActiveCfg = Debug|Any CPU
		{8D072AF2-1866-40E4-9221-64F41201971F}.Debug|Any CPU.Build.0 = Debug|Any CPU
		{8D072AF2-1866-40E4-9221-64F41201971F}.Release|Any CPU.ActiveCfg = Release|Any CPU
		{8D072AF2-1866-40E4-9221-64F41201971F}.Release|Any CPU.Build.0 = Release|Any CPU
		{C60D0FFA-811B-42F9-AE47-537656CC0F0D}.Debug|Any CPU.ActiveCfg = Debug|Any CPU
		{C60D0FFA-811B-42F9-AE47-537656CC0F0D}.Debug|Any CPU.Build.0 = Debug|Any CPU
		{C60D0FFA-811B-42F9-AE47-537656CC0F0D}.Release|Any CPU.ActiveCfg = Release|Any CPU
		{C60D0FFA-811B-42F9-AE47-537656CC0F0D}.Release|Any CPU.Build.0 = Release|Any CPU
		{F7A9FE6E-4FDB-465B-ADE8-BDCAE8010ED8}.Debug|Any CPU.ActiveCfg = Debug|Any CPU
		{F7A9FE6E-4FDB-465B-ADE8-BDCAE8010ED8}.Debug|Any CPU.Build.0 = Debug|Any CPU
		{F7A9FE6E-4FDB-465B-ADE8-BDCAE8010ED8}.Release|Any CPU.ActiveCfg = Release|Any CPU
		{F7A9FE6E-4FDB-465B-ADE8-BDCAE8010ED8}.Release|Any CPU.Build.0 = Release|Any CPU
	EndGlobalSection
	GlobalSection(NestedProjects) = preSolution
		{B3CE390F-8B9D-46E4-A4AF-77BB1DF017AD} = {F8114AD1-BF44-4273-86EF-83DC1F8D53E8}
		{07385487-CEB6-4A38-A28B-A9D0A22F7B05} = {F8114AD1-BF44-4273-86EF-83DC1F8D53E8}
		{2BC76644-7BCD-4440-9DCF-EB9725652B96} = {F8114AD1-BF44-4273-86EF-83DC1F8D53E8}
		{0D93DFFB-445C-4C65-B829-9D88F2C70BC0} = {2BC76644-7BCD-4440-9DCF-EB9725652B96}
		{A8231653-47A1-41F2-BDDF-ED138A2732EE} = {2BC76644-7BCD-4440-9DCF-EB9725652B96}
		{8D072AF2-1866-40E4-9221-64F41201971F} = {2BC76644-7BCD-4440-9DCF-EB9725652B96}
		{AF257622-2A12-4E40-B8CC-DA5FF5C26F38} = {F8114AD1-BF44-4273-86EF-83DC1F8D53E8}
		{E72676A5-79E0-418D-AAEA-52F308ABCB8F} = {AF257622-2A12-4E40-B8CC-DA5FF5C26F38}
		{8F95FEFB-4CDC-4B32-AFE0-3769C09B2D75} = {AF257622-2A12-4E40-B8CC-DA5FF5C26F38}
		{C60D0FFA-811B-42F9-AE47-537656CC0F0D} = {AF257622-2A12-4E40-B8CC-DA5FF5C26F38}
		{F7A9FE6E-4FDB-465B-ADE8-BDCAE8010ED8} = {AF257622-2A12-4E40-B8CC-DA5FF5C26F38}
	EndGlobalSection
EndGlobal
